
Microsoft Visual Studio Solution File, Format Version 12.00
# Visual Studio Version 17
VisualStudioVersion = 17.4.33213.308
MinimumVisualStudioVersion = 10.0.40219.1
Project("{FAE04EC0-301F-11D3-BF4B-00C04F79EFBC}") = "Thumbnailer", "Thumbnailer\Thumbnailer.csproj", "{94574AF1-E25B-4856-9AD6-42BE914FE692}"
EndProject
Project("{9A19103F-16F7-4668-BE54-9A1E7A4F7556}") = "libthumbnailer", "libthumbnailer\libthumbnailer.csproj", "{978DE940-B27B-4B7D-8DC5-45871E9E09F0}"
EndProject
Project("{FAE04EC0-301F-11D3-BF4B-00C04F79EFBC}") = "ThumbnailerCLI", "ThumbnailerCLI\ThumbnailerCLI.csproj", "{6606F89F-95C0-407D-89F5-FF5092303F11}"
EndProject
Global
	GlobalSection(SolutionConfigurationPlatforms) = preSolution
		Debug|Any CPU = Debug|Any CPU
		Release|Any CPU = Release|Any CPU
	EndGlobalSection
	GlobalSection(ProjectConfigurationPlatforms) = postSolution
		{94574AF1-E25B-4856-9AD6-42BE914FE692}.Debug|Any CPU.ActiveCfg = Debug|Any CPU
		{94574AF1-E25B-4856-9AD6-42BE914FE692}.Debug|Any CPU.Build.0 = Debug|Any CPU
		{94574AF1-E25B-4856-9AD6-42BE914FE692}.Release|Any CPU.ActiveCfg = Release|Any CPU
		{94574AF1-E25B-4856-9AD6-42BE914FE692}.Release|Any CPU.Build.0 = Release|Any CPU
		{978DE940-B27B-4B7D-8DC5-45871E9E09F0}.Debug|Any CPU.ActiveCfg = Debug|Any CPU
		{978DE940-B27B-4B7D-8DC5-45871E9E09F0}.Debug|Any CPU.Build.0 = Debug|Any CPU
		{978DE940-B27B-4B7D-8DC5-45871E9E09F0}.Release|Any CPU.ActiveCfg = Release|Any CPU
		{978DE940-B27B-4B7D-8DC5-45871E9E09F0}.Release|Any CPU.Build.0 = Release|Any CPU
		{6606F89F-95C0-407D-89F5-FF5092303F11}.Debug|Any CPU.ActiveCfg = Debug|Any CPU
		{6606F89F-95C0-407D-89F5-FF5092303F11}.Debug|Any CPU.Build.0 = Debug|Any CPU
		{6606F89F-95C0-407D-89F5-FF5092303F11}.Release|Any CPU.ActiveCfg = Release|Any CPU
		{6606F89F-95C0-407D-89F5-FF5092303F11}.Release|Any CPU.Build.0 = Release|Any CPU
		{418840F7-E0DA-41D9-A206-A2393A4BEEC3}.Debug|Any CPU.ActiveCfg = Debug|Any CPU
		{418840F7-E0DA-41D9-A206-A2393A4BEEC3}.Debug|Any CPU.Build.0 = Debug|Any CPU
		{418840F7-E0DA-41D9-A206-A2393A4BEEC3}.Release|Any CPU.ActiveCfg = Release|Any CPU
		{418840F7-E0DA-41D9-A206-A2393A4BEEC3}.Release|Any CPU.Build.0 = Release|Any CPU
		{548EAC40-F953-4905-810A-57817C35AD8A}.Debug|Any CPU.ActiveCfg = Debug|Any CPU
		{548EAC40-F953-4905-810A-57817C35AD8A}.Debug|Any CPU.Build.0 = Debug|Any CPU
		{548EAC40-F953-4905-810A-57817C35AD8A}.Release|Any CPU.ActiveCfg = Release|Any CPU
		{548EAC40-F953-4905-810A-57817C35AD8A}.Release|Any CPU.Build.0 = Release|Any CPU
	EndGlobalSection
	GlobalSection(SolutionProperties) = preSolution
		HideSolutionNode = FALSE
	EndGlobalSection
	GlobalSection(ExtensibilityGlobals) = postSolution
		SolutionGuid = {F7911A64-4216-4370-B3CB-32C1AC561904}
	EndGlobalSection
EndGlobal
